{
  "name": "@blazepay-oss/blazepay-veriff",
  "version": "0.0.2",
  "lockfileVersion": 3,
  "requires": true,
  "packages": {
    "": {
      "name": "@blazepay-oss/blazepay-veriff",
      "version": "0.0.2",
      "license": "GPL-3.0",
      "dependencies": {
        "@types/node": "^20.4.3",
        "undici": "^7.8.0",
        "zod": "^3.24.4"
      },
      "devDependencies": {
        "typescript": "^5.8.3"
      }
    },
    "node_modules/@types/node": {
      "version": "20.17.37",
      "resolved": "https://registry.npmjs.org/@types/node/-/node-20.17.37.tgz",
      "integrity": "sha512-+XPEBN3Bkgu4Lk1zIqmoXZssB6jzL31Sdi2pUfOtpVvyrmBKUrZc6m4aCS+osqC5zgQroONCroEVgoznnErzpw==",
      "license": "MIT",
      "dependencies": {
        "undici-types": "~6.19.2"
      }
    },
    "node_modules/typescript": {
      "version": "5.8.3",
      "resolved": "https://registry.npmjs.org/typescript/-/typescript-5.8.3.tgz",
      "integrity": "sha512-p1diW6TqL9L07nNxvRMM7hMMw4c5XOo/1ibL4aAIGmSAt9slTE1Xgw5KWuof2uTOvCg9BY7ZRi+GaF+7sfgPeQ==",
      "dev": true,
      "license": "Apache-2.0",
      "bin": {
        "tsc": "bin/tsc",
        "tsserver": "bin/tsserver"
      },
      "engines": {
        "node": ">=14.17"
      }
    },
    "node_modules/undici": {
      "version": "7.8.0",
      "resolved": "https://registry.npmjs.org/undici/-/undici-7.8.0.tgz",
      "integrity": "sha512-vFv1GA99b7eKO1HG/4RPu2Is3FBTWBrmzqzO0mz+rLxN3yXkE4mqRcb8g8fHxzX4blEysrNZLqg5RbJLqX5buA==",
      "license": "MIT",
      "engines": {
        "node": ">=20.18.1"
      }
    },
    "node_modules/undici-types": {
      "version": "6.19.8",
      "resolved": "https://registry.npmjs.org/undici-types/-/undici-types-6.19.8.tgz",
      "integrity": "sha512-ve2KP6f/JnbPBFyobGHuerC9g1FYGn/F8n1LWTwNxCEzd6IfqTwUQcNXgEtmmQ6DlRrC1hrSrBnCZPokRrDHjw==",
      "license": "MIT"
    },
    "node_modules/zod": {
      "version": "3.24.4",
      "resolved": "https://registry.npmjs.org/zod/-/zod-3.24.4.tgz",
      "integrity": "sha512-OdqJE9UDRPwWsrHjLN2F8bPxvwJBK22EHLWtanu0LSYr5YqzsaaW3RMgmjwr8Rypg5k+meEJdSPXJZXE/yqOMg==",
      "license": "MIT",
      "funding": {
        "url": "https://github.com/sponsors/colinhacks"
      }
    }
  }
}
